
Microsoft Visual Studio Solution File, Format Version 12.00
# Visual Studio Version 17
VisualStudioVersion = 17.10.35013.160
MinimumVisualStudioVersion = 10.0.40219.1
Project("{FAE04EC0-301F-11D3-BF4B-00C04F79EFBC}") = "IPL-API", "IPL-API.csproj", "{24CDD78E-3415-4A42-970C-541F23B99355}"
EndProject
Global
	GlobalSection(SolutionConfigurationPlatforms) = preSolution
		Debug|Any CPU = Debug|Any CPU
		Release|Any CPU = Release|Any CPU
	EndGlobalSection
	GlobalSection(ProjectConfigurationPlatforms) = postSolution
		{24CDD78E-3415-4A42-970C-541F23B99355}.Debug|Any CPU.ActiveCfg = Debug|Any CPU
		{24CDD78E-3415-4A42-970C-541F23B99355}.Debug|Any CPU.Build.0 = Debug|Any CPU
		{24CDD78E-3415-4A42-970C-541F23B99355}.Release|Any CPU.ActiveCfg = Release|Any CPU
		{24CDD78E-3415-4A42-970C-541F23B99355}.Release|Any CPU.Build.0 = Release|Any CPU
	EndGlobalSection
	GlobalSection(SolutionProperties) = preSolution
		HideSolutionNode = FALSE
	EndGlobalSection
	GlobalSection(ExtensibilityGlobals) = postSolution
		SolutionGuid = {2E5AB136-A891-405B-AF33-B30B8A111DD5}
	EndGlobalSection
EndGlobal
